github.com/go-kata/kdone v0.1.1 h1:GAZlb/vjlQpAn+TtKZez2eZmw/AUpRx94h/Y3A3WLJU=
github.com/go-kata/kdone v0.1.1/go.mod h1:qNvglTe9URXMYw4vlciLBDU2FLzAqYCoROpxvx8jDwM=
github.com/go-kata/kdone v0.2.0 h1:ZaCFPwSxthYDfYj1D3r+8fW9iXq8FGt3HT/et+jyauo=
github.com/go-kata/kdone v0.2.0/go.mod h1:epIfwQvmfhpg7op8E86DZxXOIuz0ZhIHN0kG9r4ye50=
github.com/go-kata/kdone v0.2.1 h1:J+5J7+cIChX3SOqUYysvZqx4gNMK2i+5siE6ZqGbia8=
github.com/go-kata/kdone v0.2.1/go.mod h1:epIfwQvmfhpg7op8E86DZxXOIuz0ZhIHN0kG9r4ye50=
github.com/go-kata/kdone v0.2.2 h1:aMEK7mR4Dmj9b892bv1lxNfmkC+TEwXAcijYozd6VOw=
github.com/go-kata/kdone v0.2.2/go.mod h1:eorcrHqZPhsoz85AtDo3b0w44Md4pl8UYINJj69jyUg=
github.com/go-kata/kdone v0.2.3 h1:V2o/5C6YFponu0IIng3GlwWp5WkoP0w6NlIOeK0NpV4=
github.com/go-kata/kdone v0.2.3/go.mod h1:0dzf9X5WunfvCVP+wAf+Ol3SUDi4+6nu9OCKGd9nt3A=
github.com/go-kata/kerror v0.1.0 h1:Y7y0XGOrhWMU1YxvMAYw5VAeDfo4wUZrhLdSQ+KM7LE=
github.com/go-kata/kerror v0.1.0/go.mod h1:TtwtjetJ75COpTfrJBL9y2q4MEbDWt1r/FeF5M+5xlw=
github.com/go-kata/kerror v0.1.1 h1:9RMFNpTzN0HxOZHI2Fm0FBRgx2i+0UkQzIMVvyO33Vs=
github.com/go-kata/kerror v0.1.1/go.mod h1:TtwtjetJ75COpTfrJBL9y2q4MEbDWt1r/FeF5M+5xlw=
github.com/go-kata/kerror v0.1.2 h1:IAnOcR9NokVyxg+J0xvGDPEDi5tEbEK4SFhrffEEnoQ=
github.com/go-kata/kerror v0.1.2/go.mod h1:TtwtjetJ75COpTfrJBL9y2q4MEbDWt1r/FeF5M+5xlw=
github.com/go-kata/kerror v0.1.3 h1:7FXsN5i4tsg9+ZxKV5baflj32r6iRr9uwpsj//3zrGQ=
github.com/go-kata/kerror v0.1.3/go.mod h1:TtwtjetJ75COpTfrJBL9y2q4MEbDWt1r/FeF5M+5xlw=
github.com/go-kata/kinit v0.2.0 h1:rI5w2KCdnTFK7hJ9Is6zBI5b4QS7RvihtX8oCexPyG8=
github.com/go-kata/kinit v0.2.0/go.mod h1:EdagOVrXQtJXZmAkIceRVhKq/jgscLua6GNzVAlpth0=
github.com/go-kata/kinit v0.2.1 h1:8YvYoTHphqrs3VH4CQ4pjkAjsc6pPKB/QKWevDkngX0=
github.com/go-kata/kinit v0.2.1/go.mod h1:/WhSVUU9G4gIemg7Yh7dApBFu768MB501io9xWegnbs=
github.com/go-kata/kinit v0.2.2 h1:9oxpcEOwFBgGTZEA3S6oh8+YiUoY/OXpDQZllLcRqws=
github.com/go-kata/kinit v0.2.2/go.mod h1:Z/th0c02o5slhSIhFUwvMcN76xKk/D/4nxf95+7mokg=
github.com/go-kata/kinit v0.2.3 h1:3c2ep/r1cqZ2HMp8T5meuePi83FhFy1e/GlfNjDXbkA=
github.com/go-kata/kinit v0.2.3/go.mod h1:YOpKH+maUmZNcKSuZF1cEFec1TZTVmoW2NkQw5dcsbs=
github.com/go-kata/kinit v0.3.0 h1:3VfTBEpoQyw4iHCx/pBgRaAAVdkwLK8hakadVqNymmI=
github.com/go-kata/kinit v0.3.0/go.mod h1:K0B09eZk5HDogS2qY0XV/mpY3+3uwQ9+7Sj/q1OYmvE=
github.com/go-kata/kinitx v0.2.0 h1:kdFhyG9DywmJgiJ3yosWslCjemMyXNYkJfFoomCbR/k=
github.com/go-kata/kinitx v0.2.0/go.mod h1:qOY6qMNQhV5gKh1B99N4DftyG09tMgTOesNWdN4PS9Q=
github.com/go-kata/kinitx v0.3.0 h1:i/JAgLxqwa6ddFqT6AvE0o8v6StB32oh4f79egE6M2Q=
github.com/go-kata/kinitx v0.3.0/go.mod h1:wMjf8V6YjQ86/HdBee7YyB7hA7KrnYfs8fUkeRCVayE=
github.com/go-kata/kinitx v0.3.1 h1:kbva5YVrbWkFfSr7YbuRIAYX1SmBMXsl5oMfP7aIv08=
github.com/go-kata/kinitx v0.3.1/go.mod h1:xp6IIcGXS2KxilyppGvVFZKiL+KCe+l0zG2KG78y3Lc=
github.com/go-kata/kinitx v0.3.2 h1:66efb624AvdaOri1SKHXz2vecSXG1cGyy1/8231wCp8=
github.com/go-kata/kinitx v0.3.2/go.mod h1:2K598j5GiIhjiiGX8ipF9zWyFIszjqI/iUu8Eg8WALs=
github.com/go-kata/kinitx v0.3.3 h1:NnkOGcCarwyTMWhhMEw5NcQt4MRPKTELMK27LT797K8=
github.com/go-kata/kinitx v0.3.3/go.mod h1:2M1fagvJO9aIYnW4tIaRsyW2TTc7tb8gHuaeAhvfDlw=
